<?xml version="1.0" encoding="utf-8"?>
<Project ToolsVersion="4.0" xmlns="http://schemas.microsoft.com/developer/msbuild/2003">
  <ItemGroup>
    <Filter Include="Source Files">
      <UniqueIdentifier>{4FC737F1-C7A5-4376-A066-2A32D752A2FF}</UniqueIdentifier>
      <Extensions>cpp;c;cc;cxx;c++;cppm;ixx;def;odl;idl;hpj;bat;asm;asmx</Extensions>
    </Filter>
    <Filter Include="Header Files">
      <UniqueIdentifier>{93995380-89BD-4b04-88EB-625FBE52EBFB}</UniqueIdentifier>
      <Extensions>h;hh;hpp;hxx;h++;hm;inl;inc;ipp;xsd</Extensions>
    </Filter>
    <Filter Include="Resource Files">
      <UniqueIdentifier>{67DA6AB6-F800-4c08-8B7A-83BB121AAD01}</UniqueIdentifier>
      <Extensions>rc;ico;cur;bmp;dlg;rc2;rct;bin;rgs;gif;jpg;jpeg;jpe;resx;tiff;tif;png;wav;mfcribbon-ms</Extensions>
    </Filter>
    <Filter Include="Header Files\Helpers">
      <UniqueIdentifier>{a703d60a-3cad-4342-b1d4-18373b8f8b99}</UniqueIdentifier>
    </Filter>
    <Filter Include="Header Files\Enums">
      <UniqueIdentifier>{63baa5ca-412b-4d79-83ef-450b775de412}</UniqueIdentifier>
    </Filter>
    <Filter Include="Header Files\Screens">
      <UniqueIdentifier>{11943980-877e-4fa9-90de-d20862ec966a}</UniqueIdentifier>
    </Filter>
    <Filter Include="Header Files\UserInterface">
      <UniqueIdentifier>{2c5b7aaf-cd31-4f96-893f-9ef254767d34}</UniqueIdentifier>
    </Filter>
    <Filter Include="Source Files\UserInterface">
      <UniqueIdentifier>{d0007f69-afb8-4e29-b7f6-3232af3cc91c}</UniqueIdentifier>
    </Filter>
    <Filter Include="Source Files\Screens">
      <UniqueIdentifier>{d7ef178d-5b6c-420d-a6b6-ac76e34f231c}</UniqueIdentifier>
    </Filter>
    <Filter Include="Source Files\Network">
      <UniqueIdentifier>{e8871b04-42a5-4697-9380-a5b81bada506}</UniqueIdentifier>
    </Filter>
    <Filter Include="Header Files\Network">
      <UniqueIdentifier>{25d4d89a-5d18-4eac-9878-91f67e35a3c9}</UniqueIdentifier>
    </Filter>
    <Filter Include="Source Files\UserInterface\Modals">
      <UniqueIdentifier>{d6a2a180-52a6-4b17-97ac-0e82b0429f61}</UniqueIdentifier>
    </Filter>
    <Filter Include="Header Files\UserInterface\Modals">
      <UniqueIdentifier>{a5882a4a-535d-4439-bdd4-67207c785f9f}</UniqueIdentifier>
    </Filter>
  </ItemGroup>
  <ItemGroup>
    <ClCompile Include="main.cpp">
      <Filter>Source Files</Filter>
    </ClCompile>
    <ClCompile Include="ScreenManager.cpp">
      <Filter>Source Files</Filter>
    </ClCompile>
    <ClCompile Include="GUIComponent.cpp">
      <Filter>Source Files\UserInterface</Filter>
    </ClCompile>
    <ClCompile Include="MenuSelector.cpp">
      <Filter>Source Files\UserInterface</Filter>
    </ClCompile>
    <ClCompile Include="TextComponent.cpp">
      <Filter>Source Files\UserInterface</Filter>
    </ClCompile>
    <ClCompile Include="MainMenu.cpp">
      <Filter>Source Files\Screens</Filter>
    </ClCompile>
    <ClCompile Include="SideScroller.cpp">
      <Filter>Source Files\Screens</Filter>
    </ClCompile>
    <ClCompile Include="MoveableRectangle.cpp">
      <Filter>Source Files</Filter>
    </ClCompile>
    <ClCompile Include="SwarmDefense.cpp">
      <Filter>Source Files\Screens</Filter>
    </ClCompile>
    <ClCompile Include="TcpClient.cpp">
      <Filter>Source Files\Network</Filter>
    </ClCompile>
    <ClCompile Include="ModalBorder.cpp">
      <Filter>Source Files\UserInterface</Filter>
    </ClCompile>
    <ClCompile Include="Modal.cpp">
      <Filter>Source Files\UserInterface</Filter>
    </ClCompile>
    <ClCompile Include="IpAddressInputModal.cpp">
      <Filter>Source Files\UserInterface\Modals</Filter>
    </ClCompile>
    <ClCompile Include="TcpServer.cpp">
      <Filter>Source Files\Network</Filter>
    </ClCompile>
    <ClCompile Include="LoadingModal.cpp">
      <Filter>Source Files</Filter>
    </ClCompile>
  </ItemGroup>
  <ItemGroup>
    <ClInclude Include="VideoHelpers.h">
      <Filter>Header Files\Helpers</Filter>
    </ClInclude>
    <ClInclude Include="Screens.h">
      <Filter>Header Files\Enums</Filter>
    </ClInclude>
    <ClInclude Include="ScreenManager.h">
      <Filter>Header Files</Filter>
    </ClInclude>
    <ClInclude Include="Screen.h">
      <Filter>Header Files\Screens</Filter>
    </ClInclude>
    <ClInclude Include="MainMenu.h">
      <Filter>Header Files\Screens</Filter>
    </ClInclude>
    <ClInclude Include="GUIComponent.h">
      <Filter>Header Files\UserInterface</Filter>
    </ClInclude>
    <ClInclude Include="MenuSelector.h">
      <Filter>Header Files\UserInterface</Filter>
    </ClInclude>
    <ClInclude Include="MoveableComponent.h">
      <Filter>Header Files\UserInterface</Filter>
    </ClInclude>
    <ClInclude Include="TextComponent.h">
      <Filter>Header Files\UserInterface</Filter>
    </ClInclude>
    <ClInclude Include="MainMenuSelection.h">
      <Filter>Header Files\Enums</Filter>
    </ClInclude>
    <ClInclude Include="SideScroller.h">
      <Filter>Header Files\Screens</Filter>
    </ClInclude>
    <ClInclude Include="MoveableRectangle.h">
      <Filter>Header Files</Filter>
    </ClInclude>
    <ClInclude Include="SwarmDefense.h">
      <Filter>Header Files\Screens</Filter>
    </ClInclude>
    <ClInclude Include="TcpClient.h">
      <Filter>Header Files\Network</Filter>
    </ClInclude>
    <ClInclude Include="ModalSize.h">
      <Filter>Header Files\Enums</Filter>
    </ClInclude>
    <ClInclude Include="ModalBorder.h">
      <Filter>Header Files\UserInterface</Filter>
    </ClInclude>
    <ClInclude Include="Modal.h">
      <Filter>Header Files\UserInterface</Filter>
    </ClInclude>
    <ClInclude Include="IpAddressInputModal.h">
      <Filter>Header Files\UserInterface\Modals</Filter>
    </ClInclude>
    <ClInclude Include="TcpServer.h">
      <Filter>Header Files\Network</Filter>
    </ClInclude>
    <ClInclude Include="LoadingModal.h">
      <Filter>Header Files</Filter>
    </ClInclude>
  </ItemGroup>
</Project>